
Microsoft Visual Studio Solution File, Format Version 11.00
# Visual Studio 2010
Project("{8BC9CEB8-8B4A-11D0-8D11-00A0C91BC942}") = "ConsoleAppTemplate", "ConsoleAppTemplate\ConsoleAppTemplate.vcxproj", "{4D3C7CCF-E871-405F-90F4-C1920BA5EA9E}"
EndProject
Project("{8BC9CEB8-8B4A-11D0-8D11-00A0C91BC942}") = "DLLAppTemplate", "DLLAppTemplate\DLLAppTemplate.vcxproj", "{396C61C4-9B92-41CE-91F0-8219CAE7D012}"
EndProject
Global
	GlobalSection(SolutionConfigurationPlatforms) = preSolution
		Debug_Dynamic|Win32 = Debug_Dynamic|Win32
		Debug_Dynamic|x64 = Debug_Dynamic|x64
		Debug_Static|Win32 = Debug_Static|Win32
		Debug_Static|x64 = Debug_Static|x64
		Debug|Win32 = Debug|Win32
		Debug|x64 = Debug|x64
		Release_Dynamic|Win32 = Release_Dynamic|Win32
		Release_Dynamic|x64 = Release_Dynamic|x64
		Release_Static|Win32 = Release_Static|Win32
		Release_Static|x64 = Release_Static|x64
		Release|Win32 = Release|Win32
		Release|x64 = Release|x64
	EndGlobalSection
	GlobalSection(ProjectConfigurationPlatforms) = postSolution
		{4D3C7CCF-E871-405F-90F4-C1920BA5EA9E}.Debug_Dynamic|Win32.ActiveCfg = Debug_Dynamic|Win32
		{4D3C7CCF-E871-405F-90F4-C1920BA5EA9E}.Debug_Dynamic|Win32.Build.0 = Debug_Dynamic|Win32
		{4D3C7CCF-E871-405F-90F4-C1920BA5EA9E}.Debug_Dynamic|x64.ActiveCfg = Debug_Dynamic|x64
		{4D3C7CCF-E871-405F-90F4-C1920BA5EA9E}.Debug_Dynamic|x64.Build.0 = Debug_Dynamic|x64
		{4D3C7CCF-E871-405F-90F4-C1920BA5EA9E}.Debug_Static|Win32.ActiveCfg = Debug_Static|Win32
		{4D3C7CCF-E871-405F-90F4-C1920BA5EA9E}.Debug_Static|Win32.Build.0 = Debug_Static|Win32
		{4D3C7CCF-E871-405F-90F4-C1920BA5EA9E}.Debug_Static|x64.ActiveCfg = Debug_Static|x64
		{4D3C7CCF-E871-405F-90F4-C1920BA5EA9E}.Debug_Static|x64.Build.0 = Debug_Static|x64
		{4D3C7CCF-E871-405F-90F4-C1920BA5EA9E}.Debug|Win32.ActiveCfg = Debug_Dynamic|x64
		{4D3C7CCF-E871-405F-90F4-C1920BA5EA9E}.Debug|x64.ActiveCfg = Debug_Dynamic|x64
		{4D3C7CCF-E871-405F-90F4-C1920BA5EA9E}.Debug|x64.Build.0 = Debug_Dynamic|x64
		{4D3C7CCF-E871-405F-90F4-C1920BA5EA9E}.Release_Dynamic|Win32.ActiveCfg = Release_Dynamic|Win32
		{4D3C7CCF-E871-405F-90F4-C1920BA5EA9E}.Release_Dynamic|Win32.Build.0 = Release_Dynamic|Win32
		{4D3C7CCF-E871-405F-90F4-C1920BA5EA9E}.Release_Dynamic|x64.ActiveCfg = Release_Dynamic|x64
		{4D3C7CCF-E871-405F-90F4-C1920BA5EA9E}.Release_Dynamic|x64.Build.0 = Release_Dynamic|x64
		{4D3C7CCF-E871-405F-90F4-C1920BA5EA9E}.Release_Static|Win32.ActiveCfg = Release_Static|Win32
		{4D3C7CCF-E871-405F-90F4-C1920BA5EA9E}.Release_Static|Win32.Build.0 = Release_Static|Win32
		{4D3C7CCF-E871-405F-90F4-C1920BA5EA9E}.Release_Static|x64.ActiveCfg = Release_Static|x64
		{4D3C7CCF-E871-405F-90F4-C1920BA5EA9E}.Release_Static|x64.Build.0 = Release_Static|x64
		{4D3C7CCF-E871-405F-90F4-C1920BA5EA9E}.Release|Win32.ActiveCfg = Release_Dynamic|x64
		{4D3C7CCF-E871-405F-90F4-C1920BA5EA9E}.Release|x64.ActiveCfg = Release_Dynamic|x64
		{4D3C7CCF-E871-405F-90F4-C1920BA5EA9E}.Release|x64.Build.0 = Release_Dynamic|x64
		{396C61C4-9B92-41CE-91F0-8219CAE7D012}.Debug_Dynamic|Win32.ActiveCfg = Debug|Win32
		{396C61C4-9B92-41CE-91F0-8219CAE7D012}.Debug_Dynamic|Win32.Build.0 = Debug|Win32
		{396C61C4-9B92-41CE-91F0-8219CAE7D012}.Debug_Dynamic|x64.ActiveCfg = Debug|Win32
		{396C61C4-9B92-41CE-91F0-8219CAE7D012}.Debug_Static|Win32.ActiveCfg = Debug|Win32
		{396C61C4-9B92-41CE-91F0-8219CAE7D012}.Debug_Static|Win32.Build.0 = Debug|Win32
		{396C61C4-9B92-41CE-91F0-8219CAE7D012}.Debug_Static|x64.ActiveCfg = Debug|Win32
		{396C61C4-9B92-41CE-91F0-8219CAE7D012}.Debug|Win32.ActiveCfg = Debug|Win32
		{396C61C4-9B92-41CE-91F0-8219CAE7D012}.Debug|Win32.Build.0 = Debug|Win32
		{396C61C4-9B92-41CE-91F0-8219CAE7D012}.Debug|x64.ActiveCfg = Debug|Win32
		{396C61C4-9B92-41CE-91F0-8219CAE7D012}.Release_Dynamic|Win32.ActiveCfg = Release|Win32
		{396C61C4-9B92-41CE-91F0-8219CAE7D012}.Release_Dynamic|Win32.Build.0 = Release|Win32
		{396C61C4-9B92-41CE-91F0-8219CAE7D012}.Release_Dynamic|x64.ActiveCfg = Release|Win32
		{396C61C4-9B92-41CE-91F0-8219CAE7D012}.Release_Static|Win32.ActiveCfg = Release|Win32
		{396C61C4-9B92-41CE-91F0-8219CAE7D012}.Release_Static|Win32.Build.0 = Release|Win32
		{396C61C4-9B92-41CE-91F0-8219CAE7D012}.Release_Static|x64.ActiveCfg = Release|Win32
		{396C61C4-9B92-41CE-91F0-8219CAE7D012}.Release|Win32.ActiveCfg = Release|Win32
		{396C61C4-9B92-41CE-91F0-8219CAE7D012}.Release|Win32.Build.0 = Release|Win32
		{396C61C4-9B92-41CE-91F0-8219CAE7D012}.Release|x64.ActiveCfg = Release|Win32
	EndGlobalSection
	GlobalSection(SolutionProperties) = preSolution
		HideSolutionNode = FALSE
	EndGlobalSection
EndGlobal
